
Microsoft Visual Studio Solution File, Format Version 12.00
# Visual Studio Version 17
VisualStudioVersion = 17.4.33122.133
MinimumVisualStudioVersion = 10.0.40219.1
Project("{9A19103F-16F7-4668-BE54-9A1E7A4F7556}") = "CoreFundamentalsShop", "CoreFundamentalsShop\CoreFundamentalsShop.csproj", "{2E2A71C8-FCE0-4B48-9D92-2788A4D267DB}"
EndProject
Global
	GlobalSection(SolutionConfigurationPlatforms) = preSolution
		Debug|Any CPU = Debug|Any CPU
		Release|Any CPU = Release|Any CPU
	EndGlobalSection
	GlobalSection(ProjectConfigurationPlatforms) = postSolution
		{2E2A71C8-FCE0-4B48-9D92-2788A4D267DB}.Debug|Any CPU.ActiveCfg = Debug|Any CPU
		{2E2A71C8-FCE0-4B48-9D92-2788A4D267DB}.Debug|Any CPU.Build.0 = Debug|Any CPU
		{2E2A71C8-FCE0-4B48-9D92-2788A4D267DB}.Release|Any CPU.ActiveCfg = Release|Any CPU
		{2E2A71C8-FCE0-4B48-9D92-2788A4D267DB}.Release|Any CPU.Build.0 = Release|Any CPU
	EndGlobalSection
	GlobalSection(SolutionProperties) = preSolution
		HideSolutionNode = FALSE
	EndGlobalSection
	GlobalSection(ExtensibilityGlobals) = postSolution
		SolutionGuid = {F6B42EB6-B304-4597-AD00-FCC68379A0B9}
	EndGlobalSection
EndGlobal
